
Microsoft Visual Studio Solution File, Format Version 12.00
# Visual Studio Version 17
VisualStudioVersion = 17.9.34902.65
MinimumVisualStudioVersion = 10.0.40219.1
Project("{FAE04EC0-301F-11D3-BF4B-00C04F79EFBC}") = "BaiTap", "BaiTap.csproj", "{57ED9D5D-6020-4C5E-9A5A-13EE459FF3DC}"
EndProject
Global
	GlobalSection(SolutionConfigurationPlatforms) = preSolution
		Debug|Any CPU = Debug|Any CPU
		Release|Any CPU = Release|Any CPU
	EndGlobalSection
	GlobalSection(ProjectConfigurationPlatforms) = postSolution
		{57ED9D5D-6020-4C5E-9A5A-13EE459FF3DC}.Debug|Any CPU.ActiveCfg = Debug|Any CPU
		{57ED9D5D-6020-4C5E-9A5A-13EE459FF3DC}.Debug|Any CPU.Build.0 = Debug|Any CPU
		{57ED9D5D-6020-4C5E-9A5A-13EE459FF3DC}.Release|Any CPU.ActiveCfg = Release|Any CPU
		{57ED9D5D-6020-4C5E-9A5A-13EE459FF3DC}.Release|Any CPU.Build.0 = Release|Any CPU
	EndGlobalSection
	GlobalSection(SolutionProperties) = preSolution
		HideSolutionNode = FALSE
	EndGlobalSection
	GlobalSection(ExtensibilityGlobals) = postSolution
		SolutionGuid = {732520A4-498C-4A70-8C6C-10C14E44084C}
	EndGlobalSection
EndGlobal
